// !$*UTF8*$!
{
	archiveVersion = 1;
	classes = {
	};
	objectVersion = 51;
	objects = {

/* Begin PBXBuildFile section */
		1FEA2370FB877C0E038F53A7 /* Pods_original_originalUITests.framework in Frameworks */ = {isa = PBXBuildFile; fileRef = 5A242DCEA8FE62C5885099FC /* Pods_original_originalUITests.framework */; };
		9680A06523AF0FF600EBB99F /* yotei.swift in Sources */ = {isa = PBXBuildFile; fileRef = 9680A06423AF0FF500EBB99F /* yotei.swift */; };
		968D941623D42D070089BB51 /* AddMemoViewController.swift in Sources */ = {isa = PBXBuildFile; fileRef = 968D941523D42D070089BB51 /* AddMemoViewController.swift */; };
		968D949423E69CB60089BB51 /* GoogleService-Info.plist in Resources */ = {isa = PBXBuildFile; fileRef = 968D949323E69CB50089BB51 /* GoogleService-Info.plist */; };
		96F13F892377E87D00B83896 /* AppDelegate.swift in Sources */ = {isa = PBXBuildFile; fileRef = 96F13F882377E87D00B83896 /* AppDelegate.swift */; };
		96F13F8B2377E87D00B83896 /* ViewController.swift in Sources */ = {isa = PBXBuildFile; fileRef = 96F13F8A2377E87D00B83896 /* ViewController.swift */; };
		96F13F8E2377E87D00B83896 /* Main.storyboard in Resources */ = {isa = PBXBuildFile; fileRef = 96F13F8C2377E87D00B83896 /* Main.storyboard */; };
		96F13F902377E88000B83896 /* Assets.xcassets in Resources */ = {isa = PBXBuildFile; fileRef = 96F13F8F2377E88000B83896 /* Assets.xcassets */; };
		96F13F932377E88000B83896 /* LaunchScreen.storyboard in Resources */ = {isa = PBXBuildFile; fileRef = 96F13F912377E88000B83896 /* LaunchScreen.storyboard */; };
		96F13F9E2377E88100B83896 /* originalTests.swift in Sources */ = {isa = PBXBuildFile; fileRef = 96F13F9D2377E88100B83896 /* originalTests.swift */; };
		96F13FA92377E88100B83896 /* originalUITests.swift in Sources */ = {isa = PBXBuildFile; fileRef = 96F13FA82377E88100B83896 /* originalUITests.swift */; };
		96F13FB72377F13700B83896 /* kojin.swift in Sources */ = {isa = PBXBuildFile; fileRef = 96F13FB62377F13700B83896 /* kojin.swift */; };
		96F13FB9238A2E3100B83896 /* ヒラギノ丸ゴ ProN W4.ttc in Resources */ = {isa = PBXBuildFile; fileRef = 96F13FB8238A2E3100B83896 /* ヒラギノ丸ゴ ProN W4.ttc */; };
		E7A2C1EC3C6FA914BA44CA57 /* Pods_originalTests.framework in Frameworks */ = {isa = PBXBuildFile; fileRef = 3A52609D6143D59484810C15 /* Pods_originalTests.framework */; };
		F5C6588AFB65121B62FE375C /* Pods_original.framework in Frameworks */ = {isa = PBXBuildFile; fileRef = 90B74A9C0277FD74997999A4 /* Pods_original.framework */; };
/* End PBXBuildFile section */

/* Begin PBXContainerItemProxy section */
		96F13F9A2377E88100B83896 /* PBXContainerItemProxy */ = {
			isa = PBXContainerItemProxy;
			containerPortal = 96F13F7D2377E87D00B83896 /* Project object */;
			proxyType = 1;
			remoteGlobalIDString = 96F13F842377E87D00B83896;
			remoteInfo = original;
		};
		96F13FA52377E88100B83896 /* PBXContainerItemProxy */ = {
			isa = PBXContainerItemProxy;
			containerPortal = 96F13F7D2377E87D00B83896 /* Project object */;
			proxyType = 1;
			remoteGlobalIDString = 96F13F842377E87D00B83896;
			remoteInfo = original;
		};
/* End PBXContainerItemProxy section */

/* Begin PBXFileReference section */
		052BC99A6BC68993C54CAB32 /* Pods-original.release.xcconfig */ = {isa = PBXFileReference; includeInIndex = 1; lastKnownFileType = text.xcconfig; name = "Pods-original.release.xcconfig"; path = "Target Support Files/Pods-original/Pods-original.release.xcconfig"; sourceTree = "<group>"; };
		107577CDC89B0A57CFAAD5CE /* Pods-originalTests.debug.xcconfig */ = {isa = PBXFileReference; includeInIndex = 1; lastKnownFileType = text.xcconfig; name = "Pods-originalTests.debug.xcconfig"; path = "Target Support Files/Pods-originalTests/Pods-originalTests.debug.xcconfig"; sourceTree = "<group>"; };
		1AA7D050A590BAD02E2D2690 /* Pods-originalTests.release.xcconfig */ = {isa = PBXFileReference; includeInIndex = 1; lastKnownFileType = text.xcconfig; name = "Pods-originalTests.release.xcconfig"; path = "Target Support Files/Pods-originalTests/Pods-originalTests.release.xcconfig"; sourceTree = "<group>"; };
		3A52609D6143D59484810C15 /* Pods_originalTests.framework */ = {isa = PBXFileReference; explicitFileType = wrapper.framework; includeInIndex = 0; path = Pods_originalTests.framework; sourceTree = BUILT_PRODUCTS_DIR; };
		5A242DCEA8FE62C5885099FC /* Pods_original_originalUITests.framework */ = {isa = PBXFileReference; explicitFileType = wrapper.framework; includeInIndex = 0; path = Pods_original_originalUITests.framework; sourceTree = BUILT_PRODUCTS_DIR; };
		90B74A9C0277FD74997999A4 /* Pods_original.framework */ = {isa = PBXFileReference; explicitFileType = wrapper.framework; includeInIndex = 0; path = Pods_original.framework; sourceTree = BUILT_PRODUCTS_DIR; };
		9680A06423AF0FF500EBB99F /* yotei.swift */ = {isa = PBXFileReference; lastKnownFileType = sourcecode.swift; path = yotei.swift; sourceTree = "<group>"; };
		968D941523D42D070089BB51 /* AddMemoViewController.swift */ = {isa = PBXFileReference; lastKnownFileType = sourcecode.swift; path = AddMemoViewController.swift; sourceTree = "<group>"; };
		968D949323E69CB50089BB51 /* GoogleService-Info.plist */ = {isa = PBXFileReference; fileEncoding = 4; lastKnownFileType = text.plist.xml; path = "GoogleService-Info.plist"; sourceTree = "<group>"; };
		96F13F852377E87D00B83896 /* original.app */ = {isa = PBXFileReference; explicitFileType = wrapper.application; includeInIndex = 0; path = original.app; sourceTree = BUILT_PRODUCTS_DIR; };
		96F13F882377E87D00B83896 /* AppDelegate.swift */ = {isa = PBXFileReference; lastKnownFileType = sourcecode.swift; path = AppDelegate.swift; sourceTree = "<group>"; };
		96F13F8A2377E87D00B83896 /* ViewController.swift */ = {isa = PBXFileReference; lastKnownFileType = sourcecode.swift; path = ViewController.swift; sourceTree = "<group>"; };
		96F13F8D2377E87D00B83896 /* Base */ = {isa = PBXFileReference; lastKnownFileType = file.storyboard; name = Base; path = Base.lproj/Main.storyboard; sourceTree = "<group>"; };
		96F13F8F2377E88000B83896 /* Assets.xcassets */ = {isa = PBXFileReference; lastKnownFileType = folder.assetcatalog; path = Assets.xcassets; sourceTree = "<group>"; };
		96F13F922377E88000B83896 /* Base */ = {isa = PBXFileReference; lastKnownFileType = file.storyboard; name = Base; path = Base.lproj/LaunchScreen.storyboard; sourceTree = "<group>"; };
		96F13F942377E88000B83896 /* Info.plist */ = {isa = PBXFileReference; lastKnownFileType = text.plist.xml; path = Info.plist; sourceTree = "<group>"; };
		96F13F992377E88100B83896 /* originalTests.xctest */ = {isa = PBXFileReference; explicitFileType = wrapper.cfbundle; includeInIndex = 0; path = originalTests.xctest; sourceTree = BUILT_PRODUCTS_DIR; };
		96F13F9D2377E88100B83896 /* originalTests.swift */ = {isa = PBXFileReference; lastKnownFileType = sourcecode.swift; path = originalTests.swift; sourceTree = "<group>"; };
		96F13F9F2377E88100B83896 /* Info.plist */ = {isa = PBXFileReference; lastKnownFileType = text.plist.xml; path = Info.plist; sourceTree = "<group>"; };
		96F13FA42377E88100B83896 /* originalUITests.xctest */ = {isa = PBXFileReference; explicitFileType = wrapper.cfbundle; includeInIndex = 0; path = originalUITests.xctest; sourceTree = BUILT_PRODUCTS_DIR; };
		96F13FA82377E88100B83896 /* originalUITests.swift */ = {isa = PBXFileReference; lastKnownFileType = sourcecode.swift; path = originalUITests.swift; sourceTree = "<group>"; };
		96F13FAA2377E88100B83896 /* Info.plist */ = {isa = PBXFileReference; lastKnownFileType = text.plist.xml; path = Info.plist; sourceTree = "<group>"; };
		96F13FB62377F13700B83896 /* kojin.swift */ = {isa = PBXFileReference; lastKnownFileType = sourcecode.swift; path = kojin.swift; sourceTree = "<group>"; };
		96F13FB8238A2E3100B83896 /* ヒラギノ丸ゴ ProN W4.ttc */ = {isa = PBXFileReference; lastKnownFileType = file; path = "ヒラギノ丸ゴ ProN W4.ttc"; sourceTree = "<group>"; };
		A245B1073F377AF6DC43D421 /* Pods-original-originalUITests.release.xcconfig */ = {isa = PBXFileReference; includeInIndex = 1; lastKnownFileType = text.xcconfig; name = "Pods-original-originalUITests.release.xcconfig"; path = "Target Support Files/Pods-original-originalUITests/Pods-original-originalUITests.release.xcconfig"; sourceTree = "<group>"; };
		C85B53A44588C8574EA971E0 /* Pods-original-originalUITests.debug.xcconfig */ = {isa = PBXFileReference; includeInIndex = 1; lastKnownFileType = text.xcconfig; name = "Pods-original-originalUITests.debug.xcconfig"; path = "Target Support Files/Pods-original-originalUITests/Pods-original-originalUITests.debug.xcconfig"; sourceTree = "<group>"; };
		CF183A7E1D1C1C87F04B9F90 /* Pods-original.debug.xcconfig */ = {isa = PBXFileReference; includeInIndex = 1; lastKnownFileType = text.xcconfig; name = "Pods-original.debug.xcconfig"; path = "Target Support Files/Pods-original/Pods-original.debug.xcconfig"; sourceTree = "<group>"; };
/* End PBXFileReference section */

/* Begin PBXFrameworksBuildPhase section */
		96F13F822377E87D00B83896 /* Frameworks */ = {
			isa = PBXFrameworksBuildPhase;
			buildActionMask = 2147483647;
			files = (
				F5C6588AFB65121B62FE375C /* Pods_original.framework in Frameworks */,
			);
			runOnlyForDeploymentPostprocessing = 0;
		};
		96F13F962377E88100B83896 /* Frameworks */ = {
			isa = PBXFrameworksBuildPhase;
			buildActionMask = 2147483647;
			files = (
				E7A2C1EC3C6FA914BA44CA57 /* Pods_originalTests.framework in Frameworks */,
			);
			runOnlyForDeploymentPostprocessing = 0;
		};
		96F13FA12377E88100B83896 /* Frameworks */ = {
			isa = PBXFrameworksBuildPhase;
			buildActionMask = 2147483647;
			files = (
				1FEA2370FB877C0E038F53A7 /* Pods_original_originalUITests.framework in Frameworks */,
			);
			runOnlyForDeploymentPostprocessing = 0;
		};
/* End PBXFrameworksBuildPhase section */

/* Begin PBXGroup section */
		412D483E2A21E22DF6860E8A /* Frameworks */ = {
			isa = PBXGroup;
			children = (
				90B74A9C0277FD74997999A4 /* Pods_original.framework */,
				5A242DCEA8FE62C5885099FC /* Pods_original_originalUITests.framework */,
				3A52609D6143D59484810C15 /* Pods_originalTests.framework */,
			);
			name = Frameworks;
			sourceTree = "<group>";
		};
		96F13F7C2377E87D00B83896 = {
			isa = PBXGroup;
			children = (
				96F13F872377E87D00B83896 /* original */,
				96F13F9C2377E88100B83896 /* originalTests */,
				96F13FA82377E88100B83896 /* originalUITests.swift */,
				96F13FA72377E88100B83896 /* originalUITests */,
				96F13F862377E87D00B83896 /* Products */,
				AFD4E251246C0394598B375B /* Pods */,
				412D483E2A21E22DF6860E8A /* Frameworks */,
			);
			sourceTree = "<group>";
		};
		96F13F862377E87D00B83896 /* Products */ = {
			isa = PBXGroup;
			children = (
				96F13F852377E87D00B83896 /* original.app */,
				96F13F992377E88100B83896 /* originalTests.xctest */,
				96F13FA42377E88100B83896 /* originalUITests.xctest */,
			);
			name = Products;
			sourceTree = "<group>";
		};
		96F13F872377E87D00B83896 /* original */ = {
			isa = PBXGroup;
			children = (
				968D949323E69CB50089BB51 /* GoogleService-Info.plist */,
				96F13FB8238A2E3100B83896 /* ヒラギノ丸ゴ ProN W4.ttc */,
				96F13F882377E87D00B83896 /* AppDelegate.swift */,
				96F13F8A2377E87D00B83896 /* ViewController.swift */,
				96F13F8C2377E87D00B83896 /* Main.storyboard */,
				9680A06423AF0FF500EBB99F /* yotei.swift */,
				96F13F8F2377E88000B83896 /* Assets.xcassets */,
				96F13F912377E88000B83896 /* LaunchScreen.storyboard */,
				96F13F942377E88000B83896 /* Info.plist */,
				96F13FB62377F13700B83896 /* kojin.swift */,
				968D941523D42D070089BB51 /* AddMemoViewController.swift */,
			);
			path = original;
			sourceTree = "<group>";
		};
		96F13F9C2377E88100B83896 /* originalTests */ = {
			isa = PBXGroup;
			children = (
				96F13F9D2377E88100B83896 /* originalTests.swift */,
				96F13F9F2377E88100B83896 /* Info.plist */,
			);
			path = originalTests;
			sourceTree = "<group>";
		};
		96F13FA72377E88100B83896 /* originalUITests */ = {
			isa = PBXGroup;
			children = (
				96F13FAA2377E88100B83896 /* Info.plist */,
			);
			path = originalUITests;
			sourceTree = "<group>";
		};
		AFD4E251246C0394598B375B /* Pods */ = {
			isa = PBXGroup;
			children = (
				CF183A7E1D1C1C87F04B9F90 /* Pods-original.debug.xcconfig */,
				052BC99A6BC68993C54CAB32 /* Pods-original.release.xcconfig */,
				C85B53A44588C8574EA971E0 /* Pods-original-originalUITests.debug.xcconfig */,
				A245B1073F377AF6DC43D421 /* Pods-original-originalUITests.release.xcconfig */,
				107577CDC89B0A57CFAAD5CE /* Pods-originalTests.debug.xcconfig */,
				1AA7D050A590BAD02E2D2690 /* Pods-originalTests.release.xcconfig */,
			);
			path = Pods;
			sourceTree = "<group>";
		};
/* End PBXGroup section */

/* Begin PBXNativeTarget section */
		96F13F842377E87D00B83896 /* original */ = {
			isa = PBXNativeTarget;
			buildConfigurationList = 96F13FAD2377E88100B83896 /* Build configuration list for PBXNativeTarget "original" */;
			buildPhases = (
				2B1CACDB1D613017A5171ED5 /* [CP] Check Pods Manifest.lock */,
				96F13F812377E87D00B83896 /* Sources */,
				96F13F822377E87D00B83896 /* Frameworks */,
				96F13F832377E87D00B83896 /* Resources */,
				EC824FF1254CD2784286AB51 /* [CP] Embed Pods Frameworks */,
			);
			buildRules = (
			);
			dependencies = (
			);
			name = original;
			productName = original;
			productReference = 96F13F852377E87D00B83896 /* original.app */;
			productType = "com.apple.product-type.application";
		};
		96F13F982377E88100B83896 /* originalTests */ = {
			isa = PBXNativeTarget;
			buildConfigurationList = 96F13FB02377E88100B83896 /* Build configuration list for PBXNativeTarget "originalTests" */;
			buildPhases = (
				4ABA89B3062CC23B71647795 /* [CP] Check Pods Manifest.lock */,
				96F13F952377E88100B83896 /* Sources */,
				96F13F962377E88100B83896 /* Frameworks */,
				96F13F972377E88100B83896 /* Resources */,
			);
			buildRules = (
			);
			dependencies = (
				96F13F9B2377E88100B83896 /* PBXTargetDependency */,
			);
			name = originalTests;
			productName = originalTests;
			productReference = 96F13F992377E88100B83896 /* originalTests.xctest */;
			productType = "com.apple.product-type.bundle.unit-test";
		};
		96F13FA32377E88100B83896 /* originalUITests */ = {
			isa = PBXNativeTarget;
			buildConfigurationList = 96F13FB32377E88100B83896 /* Build configuration list for PBXNativeTarget "originalUITests" */;
			buildPhases = (
				66B367601E84A6786C79EBF7 /* [CP] Check Pods Manifest.lock */,
				96F13FA02377E88100B83896 /* Sources */,
				96F13FA12377E88100B83896 /* Frameworks */,
				96F13FA22377E88100B83896 /* Resources */,
				F3E54D49AC60AB235D6505C3 /* [CP] Embed Pods Frameworks */,
			);
			buildRules = (
			);
			dependencies = (
				96F13FA62377E88100B83896 /* PBXTargetDependency */,
			);
			name = originalUITests;
			productName = originalUITests;
			productReference = 96F13FA42377E88100B83896 /* originalUITests.xctest */;
			productType = "com.apple.product-type.bundle.ui-testing";
		};
/* End PBXNativeTarget section */

/* Begin PBXProject section */
		96F13F7D2377E87D00B83896 /* Project object */ = {
			isa = PBXProject;
			attributes = {
				LastSwiftUpdateCheck = 1020;
				LastUpgradeCheck = 1020;
				ORGANIZATIONNAME = "Kimura Yuria";
				TargetAttributes = {
					96F13F842377E87D00B83896 = {
						CreatedOnToolsVersion = 10.2.1;
					};
					96F13F982377E88100B83896 = {
						CreatedOnToolsVersion = 10.2.1;
						TestTargetID = 96F13F842377E87D00B83896;
					};
					96F13FA32377E88100B83896 = {
						CreatedOnToolsVersion = 10.2.1;
						TestTargetID = 96F13F842377E87D00B83896;
					};
				};
			};
			buildConfigurationList = 96F13F802377E87D00B83896 /* Build configuration list for PBXProject "original" */;
			compatibilityVersion = "Xcode 9.3";
			developmentRegion = en;
			hasScannedForEncodings = 0;
			knownRegions = (
				en,
				Base,
			);
			mainGroup = 96F13F7C2377E87D00B83896;
			productRefGroup = 96F13F862377E87D00B83896 /* Products */;
			projectDirPath = "";
			projectRoot = "";
			targets = (
				96F13F842377E87D00B83896 /* original */,
				96F13F982377E88100B83896 /* originalTests */,
				96F13FA32377E88100B83896 /* originalUITests */,
			);
		};
/* End PBXProject section */

/* Begin PBXResourcesBuildPhase section */
		96F13F832377E87D00B83896 /* Resources */ = {
			isa = PBXResourcesBuildPhase;
			buildActionMask = 2147483647;
			files = (
				96F13F932377E88000B83896 /* LaunchScreen.storyboard in Resources */,
				96F13F902377E88000B83896 /* Assets.xcassets in Resources */,
				968D949423E69CB60089BB51 /* GoogleService-Info.plist in Resources */,
				96F13FB9238A2E3100B83896 /* ヒラギノ丸ゴ ProN W4.ttc in Resources */,
				96F13F8E2377E87D00B83896 /* Main.storyboard in Resources */,
			);
			runOnlyForDeploymentPostprocessing = 0;
		};
		96F13F972377E88100B83896 /* Resources */ = {
			isa = PBXResourcesBuildPhase;
			buildActionMask = 2147483647;
			files = (
			);
			runOnlyForDeploymentPostprocessing = 0;
		};
		96F13FA22377E88100B83896 /* Resources */ = {
			isa = PBXResourcesBuildPhase;
			buildActionMask = 2147483647;
			files = (
			);
			runOnlyForDeploymentPostprocessing = 0;
		};
/* End PBXResourcesBuildPhase section */

/* Begin PBXShellScriptBuildPhase section */
		2B1CACDB1D613017A5171ED5 /* [CP] Check Pods Manifest.lock */ = {
			isa = PBXShellScriptBuildPhase;
			buildActionMask = 2147483647;
			files = (
			);
			inputFileListPaths = (
			);
			inputPaths = (
				"${PODS_PODFILE_DIR_PATH}/Podfile.lock",
				"${PODS_ROOT}/Manifest.lock",
			);
			name = "[CP] Check Pods Manifest.lock";
			outputFileListPaths = (
			);
			outputPaths = (
				"$(DERIVED_FILE_DIR)/Pods-original-checkManifestLockResult.txt",
			);
			runOnlyForDeploymentPostprocessing = 0;
			shellPath = /bin/sh;
			shellScript = "diff \"${PODS_PODFILE_DIR_PATH}/Podfile.lock\" \"${PODS_ROOT}/Manifest.lock\" > /dev/null\nif [ $? != 0 ] ; then\n    # print error to STDERR\n    echo \"error: The sandbox is not in sync with the Podfile.lock. Run 'pod install' or update your CocoaPods installation.\" >&2\n    exit 1\nfi\n# This output is used by Xcode 'outputs' to avoid re-running this script phase.\necho \"SUCCESS\" > \"${SCRIPT_OUTPUT_FILE_0}\"\n";
			showEnvVarsInLog = 0;
		};
		4ABA89B3062CC23B71647795 /* [CP] Check Pods Manifest.lock */ = {
			isa = PBXShellScriptBuildPhase;
			buildActionMask = 2147483647;
			files = (
			);
			inputFileListPaths = (
			);
			inputPaths = (
				"${PODS_PODFILE_DIR_PATH}/Podfile.lock",
				"${PODS_ROOT}/Manifest.lock",
			);
			name = "[CP] Check Pods Manifest.lock";
			outputFileListPaths = (
			);
			outputPaths = (
				"$(DERIVED_FILE_DIR)/Pods-originalTests-checkManifestLockResult.txt",
			);
			runOnlyForDeploymentPostprocessing = 0;
			shellPath = /bin/sh;
			shellScript = "diff \"${PODS_PODFILE_DIR_PATH}/Podfile.lock\" \"${PODS_ROOT}/Manifest.lock\" > /dev/null\nif [ $? != 0 ] ; then\n    # print error to STDERR\n    echo \"error: The sandbox is not in sync with the Podfile.lock. Run 'pod install' or update your CocoaPods installation.\" >&2\n    exit 1\nfi\n# This output is used by Xcode 'outputs' to avoid re-running this script phase.\necho \"SUCCESS\" > \"${SCRIPT_OUTPUT_FILE_0}\"\n";
			showEnvVarsInLog = 0;
		};
		66B367601E84A6786C79EBF7 /* [CP] Check Pods Manifest.lock */ = {
			isa = PBXShellScriptBuildPhase;
			buildActionMask = 2147483647;
			files = (
			);
			inputFileListPaths = (
			);
			inputPaths = (
				"${PODS_PODFILE_DIR_PATH}/Podfile.lock",
				"${PODS_ROOT}/Manifest.lock",
			);
			name = "[CP] Check Pods Manifest.lock";
			outputFileListPaths = (
			);
			outputPaths = (
				"$(DERIVED_FILE_DIR)/Pods-original-originalUITests-checkManifestLockResult.txt",
			);
			runOnlyForDeploymentPostprocessing = 0;
			shellPath = /bin/sh;
			shellScript = "diff \"${PODS_PODFILE_DIR_PATH}/Podfile.lock\" \"${PODS_ROOT}/Manifest.lock\" > /dev/null\nif [ $? != 0 ] ; then\n    # print error to STDERR\n    echo \"error: The sandbox is not in sync with the Podfile.lock. Run 'pod install' or update your CocoaPods installation.\" >&2\n    exit 1\nfi\n# This output is used by Xcode 'outputs' to avoid re-running this script phase.\necho \"SUCCESS\" > \"${SCRIPT_OUTPUT_FILE_0}\"\n";
			showEnvVarsInLog = 0;
		};
		EC824FF1254CD2784286AB51 /* [CP] Embed Pods Frameworks */ = {
			isa = PBXShellScriptBuildPhase;
			buildActionMask = 2147483647;
			files = (
			);
			inputFileListPaths = (
				"${PODS_ROOT}/Target Support Files/Pods-original/Pods-original-frameworks-${CONFIGURATION}-input-files.xcfilelist",
			);
			name = "[CP] Embed Pods Frameworks";
			outputFileListPaths = (
				"${PODS_ROOT}/Target Support Files/Pods-original/Pods-original-frameworks-${CONFIGURATION}-output-files.xcfilelist",
			);
			runOnlyForDeploymentPostprocessing = 0;
			shellPath = /bin/sh;
			shellScript = "\"${PODS_ROOT}/Target Support Files/Pods-original/Pods-original-frameworks.sh\"\n";
			showEnvVarsInLog = 0;
		};
		F3E54D49AC60AB235D6505C3 /* [CP] Embed Pods Frameworks */ = {
			isa = PBXShellScriptBuildPhase;
			buildActionMask = 2147483647;
			files = (
			);
			inputFileListPaths = (
				"${PODS_ROOT}/Target Support Files/Pods-original-originalUITests/Pods-original-originalUITests-frameworks-${CONFIGURATION}-input-files.xcfilelist",
			);
			name = "[CP] Embed Pods Frameworks";
			outputFileListPaths = (
				"${PODS_ROOT}/Target Support Files/Pods-original-originalUITests/Pods-original-originalUITests-frameworks-${CONFIGURATION}-output-files.xcfilelist",
			);
			runOnlyForDeploymentPostprocessing = 0;
			shellPath = /bin/sh;
			shellScript = "\"${PODS_ROOT}/Target Support Files/Pods-original-originalUITests/Pods-original-originalUITests-frameworks.sh\"\n";
			showEnvVarsInLog = 0;
		};
/* End PBXShellScriptBuildPhase section */

/* Begin PBXSourcesBuildPhase section */
		96F13F812377E87D00B83896 /* Sources */ = {
			isa = PBXSourcesBuildPhase;
			buildActionMask = 2147483647;
			files = (
				9680A06523AF0FF600EBB99F /* yotei.swift in Sources */,
				968D941623D42D070089BB51 /* AddMemoViewController.swift in Sources */,
				96F13F8B2377E87D00B83896 /* ViewController.swift in Sources */,
				96F13FB72377F13700B83896 /* kojin.swift in Sources */,
				96F13F892377E87D00B83896 /* AppDelegate.swift in Sources */,
			);
			runOnlyForDeploymentPostprocessing = 0;
		};
		96F13F952377E88100B83896 /* Sources */ = {
			isa = PBXSourcesBuildPhase;
			buildActionMask = 2147483647;
			files = (
				96F13F9E2377E88100B83896 /* originalTests.swift in Sources */,
			);
			runOnlyForDeploymentPostprocessing = 0;
		};
		96F13FA02377E88100B83896 /* Sources */ = {
			isa = PBXSourcesBuildPhase;
			buildActionMask = 2147483647;
			files = (
				96F13FA92377E88100B83896 /* originalUITests.swift in Sources */,
			);
			runOnlyForDeploymentPostprocessing = 0;
		};
/* End PBXSourcesBuildPhase section */

/* Begin PBXTargetDependency section */
		96F13F9B2377E88100B83896 /* PBXTargetDependency */ = {
			isa = PBXTargetDependency;
			target = 96F13F842377E87D00B83896 /* original */;
			targetProxy = 96F13F9A2377E88100B83896 /* PBXContainerItemProxy */;
		};
		96F13FA62377E88100B83896 /* PBXTargetDependency */ = {
			isa = PBXTargetDependency;
			target = 96F13F842377E87D00B83896 /* original */;
			targetProxy = 96F13FA52377E88100B83896 /* PBXContainerItemProxy */;
		};
/* End PBXTargetDependency section */

/* Begin PBXVariantGroup section */
		96F13F8C2377E87D00B83896 /* Main.storyboard */ = {
			isa = PBXVariantGroup;
			children = (
				96F13F8D2377E87D00B83896 /* Base */,
			);
			name = Main.storyboard;
			sourceTree = "<group>";
		};
		96F13F912377E88000B83896 /* LaunchScreen.storyboard */ = {
			isa = PBXVariantGroup;
			children = (
				96F13F922377E88000B83896 /* Base */,
			);
			name = LaunchScreen.storyboard;
			sourceTree = "<group>";
		};
/* End PBXVariantGroup section */

/* Begin XCBuildConfiguration section */
		96F13FAB2377E88100B83896 /* Debug */ = {
			isa = XCBuildConfiguration;
			buildSettings = {
				ALWAYS_SEARCH_USER_PATHS = NO;
				CLANG_ANALYZER_NONNULL = YES;
				CLANG_ANALYZER_NUMBER_OBJECT_CONVERSION = YES_AGGRESSIVE;
				CLANG_CXX_LANGUAGE_STANDARD = "gnu++14";
				CLANG_CXX_LIBRARY = "libc++";
				CLANG_ENABLE_MODULES = YES;
				CLANG_ENABLE_OBJC_ARC = YES;
				CLANG_ENABLE_OBJC_WEAK = YES;
				CLANG_WARN_BLOCK_CAPTURE_AUTORELEASING = YES;
				CLANG_WARN_BOOL_CONVERSION = YES;
				CLANG_WARN_COMMA = YES;
				CLANG_WARN_CONSTANT_CONVERSION = YES;
				CLANG_WARN_DEPRECATED_OBJC_IMPLEMENTATIONS = YES;
				CLANG_WARN_DIRECT_OBJC_ISA_USAGE = YES_ERROR;
				CLANG_WARN_DOCUMENTATION_COMMENTS = YES;
				CLANG_WARN_EMPTY_BODY = YES;
				CLANG_WARN_ENUM_CONVERSION = YES;
				CLANG_WARN_INFINITE_RECURSION = YES;
				CLANG_WARN_INT_CONVERSION = YES;
				CLANG_WARN_NON_LITERAL_NULL_CONVERSION = YES;
				CLANG_WARN_OBJC_IMPLICIT_RETAIN_SELF = YES;
				CLANG_WARN_OBJC_LITERAL_CONVERSION = YES;
				CLANG_WARN_OBJC_ROOT_CLASS = YES_ERROR;
				CLANG_WARN_RANGE_LOOP_ANALYSIS = YES;
				CLANG_WARN_STRICT_PROTOTYPES = YES;
				CLANG_WARN_SUSPICIOUS_MOVE = YES;
				CLANG_WARN_UNGUARDED_AVAILABILITY = YES_AGGRESSIVE;
				CLANG_WARN_UNREACHABLE_CODE = YES;
				CLANG_WARN__DUPLICATE_METHOD_MATCH = YES;
				CODE_SIGN_IDENTITY = "iPhone Developer";
				COPY_PHASE_STRIP = NO;
				DEBUG_INFORMATION_FORMAT = dwarf;
				ENABLE_STRICT_OBJC_MSGSEND = YES;
				ENABLE_TESTABILITY = YES;
				GCC_C_LANGUAGE_STANDARD = gnu11;
				GCC_DYNAMIC_NO_PIC = NO;
				GCC_NO_COMMON_BLOCKS = YES;
				GCC_OPTIMIZATION_LEVEL = 0;
				GCC_PREPROCESSOR_DEFINITIONS = (
					"DEBUG=1",
					"$(inherited)",
				);
				GCC_WARN_64_TO_32_BIT_CONVERSION = YES;
				GCC_WARN_ABOUT_RETURN_TYPE = YES_ERROR;
				GCC_WARN_UNDECLARED_SELECTOR = YES;
				GCC_WARN_UNINITIALIZED_AUTOS = YES_AGGRESSIVE;
				GCC_WARN_UNUSED_FUNCTION = YES;
				GCC_WARN_UNUSED_VARIABLE = YES;
				IPHONEOS_DEPLOYMENT_TARGET = 12.2;
				MTL_ENABLE_DEBUG_INFO = INCLUDE_SOURCE;
				MTL_FAST_MATH = YES;
				ONLY_ACTIVE_ARCH = YES;
				SDKROOT = iphoneos;
				SWIFT_ACTIVE_COMPILATION_CONDITIONS = DEBUG;
				SWIFT_OPTIMIZATION_LEVEL = "-Onone";
			};
			name = Debug;
		};
		96F13FAC2377E88100B83896 /* Release */ = {
			isa = XCBuildConfiguration;
			buildSettings = {
				ALWAYS_SEARCH_USER_PATHS = NO;
				CLANG_ANALYZER_NONNULL = YES;
				CLANG_ANALYZER_NUMBER_OBJECT_CONVERSION = YES_AGGRESSIVE;
				CLANG_CXX_LANGUAGE_STANDARD = "gnu++14";
				CLANG_CXX_LIBRARY = "libc++";
				CLANG_ENABLE_MODULES = YES;
				CLANG_ENABLE_OBJC_ARC = YES;
				CLANG_ENABLE_OBJC_WEAK = YES;
				CLANG_WARN_BLOCK_CAPTURE_AUTORELEASING = YES;
				CLANG_WARN_BOOL_CONVERSION = YES;
				CLANG_WARN_COMMA = YES;
				CLANG_WARN_CONSTANT_CONVERSION = YES;
				CLANG_WARN_DEPRECATED_OBJC_IMPLEMENTATIONS = YES;
				CLANG_WARN_DIRECT_OBJC_ISA_USAGE = YES_ERROR;
				CLANG_WARN_DOCUMENTATION_COMMENTS = YES;
				CLANG_WARN_EMPTY_BODY = YES;
				CLANG_WARN_ENUM_CONVERSION = YES;
				CLANG_WARN_INFINITE_RECURSION = YES;
				CLANG_WARN_INT_CONVERSION = YES;
				CLANG_WARN_NON_LITERAL_NULL_CONVERSION = YES;
				CLANG_WARN_OBJC_IMPLICIT_RETAIN_SELF = YES;
				CLANG_WARN_OBJC_LITERAL_CONVERSION = YES;
				CLANG_WARN_OBJC_ROOT_CLASS = YES_ERROR;
				CLANG_WARN_RANGE_LOOP_ANALYSIS = YES;
				CLANG_WARN_STRICT_PROTOTYPES = YES;
				CLANG_WARN_SUSPICIOUS_MOVE = YES;
				CLANG_WARN_UNGUARDED_AVAILABILITY = YES_AGGRESSIVE;
				CLANG_WARN_UNREACHABLE_CODE = YES;
				CLANG_WARN__DUPLICATE_METHOD_MATCH = YES;
				CODE_SIGN_IDENTITY = "iPhone Developer";
				COPY_PHASE_STRIP = NO;
				DEBUG_INFORMATION_FORMAT = "dwarf-with-dsym";
				ENABLE_NS_ASSERTIONS = NO;
				ENABLE_STRICT_OBJC_MSGSEND = YES;
				GCC_C_LANGUAGE_STANDARD = gnu11;
				GCC_NO_COMMON_BLOCKS = YES;
				GCC_WARN_64_TO_32_BIT_CONVERSION = YES;
				GCC_WARN_ABOUT_RETURN_TYPE = YES_ERROR;
				GCC_WARN_UNDECLARED_SELECTOR = YES;
				GCC_WARN_UNINITIALIZED_AUTOS = YES_AGGRESSIVE;
				GCC_WARN_UNUSED_FUNCTION = YES;
				GCC_WARN_UNUSED_VARIABLE = YES;
				IPHONEOS_DEPLOYMENT_TARGET = 12.2;
				MTL_ENABLE_DEBUG_INFO = NO;
				MTL_FAST_MATH = YES;
				SDKROOT = iphoneos;
				SWIFT_COMPILATION_MODE = wholemodule;
				SWIFT_OPTIMIZATION_LEVEL = "-O";
				VALIDATE_PRODUCT = YES;
			};
			name = Release;
		};
		96F13FAE2377E88100B83896 /* Debug */ = {
			isa = XCBuildConfiguration;
			baseConfigurationReference = CF183A7E1D1C1C87F04B9F90 /* Pods-original.debug.xcconfig */;
			buildSettings = {
				ASSETCATALOG_COMPILER_APPICON_NAME = AppIcon;
				CODE_SIGN_STYLE = Automatic;
				INFOPLIST_FILE = original/Info.plist;
				LD_RUNPATH_SEARCH_PATHS = (
					"$(inherited)",
					"@executable_path/Frameworks",
				);
				PRODUCT_BUNDLE_IDENTIFIER = com.litech.original;
				PRODUCT_NAME = "$(TARGET_NAME)";
				SWIFT_VERSION = 5.0;
				TARGETED_DEVICE_FAMILY = "1,2";
			};
			name = Debug;
		};
		96F13FAF2377E88100B83896 /* Release */ = {
			isa = XCBuildConfiguration;
			baseConfigurationReference = 052BC99A6BC68993C54CAB32 /* Pods-original.release.xcconfig */;
			buildSettings = {
				ASSETCATALOG_COMPILER_APPICON_NAME = AppIcon;
				CODE_SIGN_STYLE = Automatic;
				INFOPLIST_FILE = original/Info.plist;
				LD_RUNPATH_SEARCH_PATHS = (
					"$(inherited)",
					"@executable_path/Frameworks",
				);
				PRODUCT_BUNDLE_IDENTIFIER = com.litech.original;
				PRODUCT_NAME = "$(TARGET_NAME)";
				SWIFT_VERSION = 5.0;
				TARGETED_DEVICE_FAMILY = "1,2";
			};
			name = Release;
		};
		96F13FB12377E88100B83896 /* Debug */ = {
			isa = XCBuildConfiguration;
			baseConfigurationReference = 107577CDC89B0A57CFAAD5CE /* Pods-originalTests.debug.xcconfig */;
			buildSettings = {
				ALWAYS_EMBED_SWIFT_STANDARD_LIBRARIES = YES;
				BUNDLE_LOADER = "$(TEST_HOST)";
				CODE_SIGN_STYLE = Automatic;
				INFOPLIST_FILE = originalTests/Info.plist;
				LD_RUNPATH_SEARCH_PATHS = (
					"$(inherited)",
					"@executable_path/Frameworks",
					"@loader_path/Frameworks",
				);
				PRODUCT_BUNDLE_IDENTIFIER = com.litech.originalTests;
				PRODUCT_NAME = "$(TARGET_NAME)";
				SWIFT_VERSION = 5.0;
				TARGETED_DEVICE_FAMILY = "1,2";
				TEST_HOST = "$(BUILT_PRODUCTS_DIR)/original.app/original";
			};
			name = Debug;
		};
		96F13FB22377E88100B83896 /* Release */ = {
			isa = XCBuildConfiguration;
			baseConfigurationReference = 1AA7D050A590BAD02E2D2690 /* Pods-originalTests.release.xcconfig */;
			buildSettings = {
				ALWAYS_EMBED_SWIFT_STANDARD_LIBRARIES = YES;
				BUNDLE_LOADER = "$(TEST_HOST)";
				CODE_SIGN_STYLE = Automatic;
				INFOPLIST_FILE = originalTests/Info.plist;
				LD_RUNPATH_SEARCH_PATHS = (
					"$(inherited)",
					"@executable_path/Frameworks",
					"@loader_path/Frameworks",
				);
				PRODUCT_BUNDLE_IDENTIFIER = com.litech.originalTests;
				PRODUCT_NAME = "$(TARGET_NAME)";
				SWIFT_VERSION = 5.0;
				TARGETED_DEVICE_FAMILY = "1,2";
				TEST_HOST = "$(BUILT_PRODUCTS_DIR)/original.app/original";
			};
			name = Release;
		};
		96F13FB42377E88100B83896 /* Debug */ = {
			isa = XCBuildConfiguration;
			baseConfigurationReference = C85B53A44588C8574EA971E0 /* Pods-original-originalUITests.debug.xcconfig */;
			buildSettings = {
				ALWAYS_EMBED_SWIFT_STANDARD_LIBRARIES = YES;
				CODE_SIGN_STYLE = Automatic;
				INFOPLIST_FILE = originalUITests/Info.plist;
				LD_RUNPATH_SEARCH_PATHS = (
					"$(inherited)",
					"@executable_path/Frameworks",
					"@loader_path/Frameworks",
				);
				PRODUCT_BUNDLE_IDENTIFIER = com.litech.originalUITests;
				PRODUCT_NAME = "$(TARGET_NAME)";
				SWIFT_VERSION = 5.0;
				TARGETED_DEVICE_FAMILY = "1,2";
				TEST_TARGET_NAME = original;
			};
			name = Debug;
		};
		96F13FB52377E88100B83896 /* Release */ = {
			isa = XCBuildConfiguration;
			baseConfigurationReference = A245B1073F377AF6DC43D421 /* Pods-original-originalUITests.release.xcconfig */;
			buildSettings = {
				ALWAYS_EMBED_SWIFT_STANDARD_LIBRARIES = YES;
				CODE_SIGN_STYLE = Automatic;
				INFOPLIST_FILE = originalUITests/Info.plist;
				LD_RUNPATH_SEARCH_PATHS = (
					"$(inherited)",
					"@executable_path/Frameworks",
					"@loader_path/Frameworks",
				);
				PRODUCT_BUNDLE_IDENTIFIER = com.litech.originalUITests;
				PRODUCT_NAME = "$(TARGET_NAME)";
				SWIFT_VERSION = 5.0;
				TARGETED_DEVICE_FAMILY = "1,2";
				TEST_TARGET_NAME = original;
			};
			name = Release;
		};
/* End XCBuildConfiguration section */

/* Begin XCConfigurationList section */
		96F13F802377E87D00B83896 /* Build configuration list for PBXProject "original" */ = {
			isa = XCConfigurationList;
			buildConfigurations = (
				96F13FAB2377E88100B83896 /* Debug */,
				96F13FAC2377E88100B83896 /* Release */,
			);
			defaultConfigurationIsVisible = 0;
			defaultConfigurationName = Release;
		};
		96F13FAD2377E88100B83896 /* Build configuration list for PBXNativeTarget "original" */ = {
			isa = XCConfigurationList;
			buildConfigurations = (
				96F13FAE2377E88100B83896 /* Debug */,
				96F13FAF2377E88100B83896 /* Release */,
			);
			defaultConfigurationIsVisible = 0;
			defaultConfigurationName = Release;
		};
		96F13FB02377E88100B83896 /* Build configuration list for PBXNativeTarget "originalTests" */ = {
			isa = XCConfigurationList;
			buildConfigurations = (
				96F13FB12377E88100B83896 /* Debug */,
				96F13FB22377E88100B83896 /* Release */,
			);
			defaultConfigurationIsVisible = 0;
			defaultConfigurationName = Release;
		};
		96F13FB32377E88100B83896 /* Build configuration list for PBXNativeTarget "originalUITests" */ = {
			isa = XCConfigurationList;
			buildConfigurations = (
				96F13FB42377E88100B83896 /* Debug */,
				96F13FB52377E88100B83896 /* Release */,
			);
			defaultConfigurationIsVisible = 0;
			defaultConfigurationName = Release;
		};
/* End XCConfigurationList section */
	};
	rootObject = 96F13F7D2377E87D00B83896 /* Project object */;
}
